
Microsoft Visual Studio Solution File, Format Version 12.00
# Visual Studio Version 17
VisualStudioVersion = 17.10.35027.167
MinimumVisualStudioVersion = 10.0.40219.1
Project("{9A19103F-16F7-4668-BE54-9A1E7A4F7556}") = "BooksAPI", "BooksAPI\BooksAPI.csproj", "{E918A194-3CBB-4E79-8A7C-B86797F5816E}"
EndProject
Project("{9A19103F-16F7-4668-BE54-9A1E7A4F7556}") = "Books.DAL", "Books.DAL\Books.DAL.csproj", "{0DC8C25D-BC56-4AF1-AFD3-5BA363068182}"
EndProject
Project("{9A19103F-16F7-4668-BE54-9A1E7A4F7556}") = "Books.Core", "Books.Core\Books.Core.csproj", "{856005C0-65A9-4D4D-9615-6D489D38FF85}"
EndProject
Project("{FAE04EC0-301F-11D3-BF4B-00C04F79EFBC}") = "Book.BLL", "Book.BLL\Book.BLL.csproj", "{F961AB0C-F72A-4A2E-9536-D54E7B98F128}"
EndProject
Global
	GlobalSection(SolutionConfigurationPlatforms) = preSolution
		Debug|Any CPU = Debug|Any CPU
		Release|Any CPU = Release|Any CPU
	EndGlobalSection
	GlobalSection(ProjectConfigurationPlatforms) = postSolution
		{E918A194-3CBB-4E79-8A7C-B86797F5816E}.Debug|Any CPU.ActiveCfg = Debug|Any CPU
		{E918A194-3CBB-4E79-8A7C-B86797F5816E}.Debug|Any CPU.Build.0 = Debug|Any CPU
		{E918A194-3CBB-4E79-8A7C-B86797F5816E}.Release|Any CPU.ActiveCfg = Release|Any CPU
		{E918A194-3CBB-4E79-8A7C-B86797F5816E}.Release|Any CPU.Build.0 = Release|Any CPU
		{0DC8C25D-BC56-4AF1-AFD3-5BA363068182}.Debug|Any CPU.ActiveCfg = Debug|Any CPU
		{0DC8C25D-BC56-4AF1-AFD3-5BA363068182}.Debug|Any CPU.Build.0 = Debug|Any CPU
		{0DC8C25D-BC56-4AF1-AFD3-5BA363068182}.Release|Any CPU.ActiveCfg = Release|Any CPU
		{0DC8C25D-BC56-4AF1-AFD3-5BA363068182}.Release|Any CPU.Build.0 = Release|Any CPU
		{856005C0-65A9-4D4D-9615-6D489D38FF85}.Debug|Any CPU.ActiveCfg = Debug|Any CPU
		{856005C0-65A9-4D4D-9615-6D489D38FF85}.Debug|Any CPU.Build.0 = Debug|Any CPU
		{856005C0-65A9-4D4D-9615-6D489D38FF85}.Release|Any CPU.ActiveCfg = Release|Any CPU
		{856005C0-65A9-4D4D-9615-6D489D38FF85}.Release|Any CPU.Build.0 = Release|Any CPU
		{F961AB0C-F72A-4A2E-9536-D54E7B98F128}.Debug|Any CPU.ActiveCfg = Debug|Any CPU
		{F961AB0C-F72A-4A2E-9536-D54E7B98F128}.Debug|Any CPU.Build.0 = Debug|Any CPU
		{F961AB0C-F72A-4A2E-9536-D54E7B98F128}.Release|Any CPU.ActiveCfg = Release|Any CPU
		{F961AB0C-F72A-4A2E-9536-D54E7B98F128}.Release|Any CPU.Build.0 = Release|Any CPU
	EndGlobalSection
	GlobalSection(SolutionProperties) = preSolution
		HideSolutionNode = FALSE
	EndGlobalSection
	GlobalSection(ExtensibilityGlobals) = postSolution
		SolutionGuid = {CEAB2E4E-DCE0-4401-A45C-8F26D1C44F35}
	EndGlobalSection
EndGlobal
